
Microsoft Visual Studio Solution File, Format Version 12.00
# Visual Studio Version 16
VisualStudioVersion = 16.0.30717.126
MinimumVisualStudioVersion = 10.0.40219.1
Project("{9A19103F-16F7-4668-BE54-9A1E7A4F7556}") = "RockSelling", "RockSelling\RockSelling.csproj", "{C3344996-0499-4774-94E7-DD32B74FEEBB}"
EndProject
Project("{9A19103F-16F7-4668-BE54-9A1E7A4F7556}") = "RockSelling_Utility", "RockSelling_Utility\RockSelling_Utility.csproj", "{3D7E320F-7BE2-4174-BB0C-3125D99392E5}"
EndProject
Project("{9A19103F-16F7-4668-BE54-9A1E7A4F7556}") = "RockSelling_Models", "RockSelling_Models\RockSelling_Models.csproj", "{AF2E5993-D2A9-4F5F-B687-172ED8D7A1A0}"
EndProject
Project("{FAE04EC0-301F-11D3-BF4B-00C04F79EFBC}") = "RockSelling_DataAccess", "RockSelling_DataAccess\RockSelling_DataAccess.csproj", "{443AB002-2B9B-4D72-885B-8DD3513EDA8C}"
EndProject
Global
	GlobalSection(SolutionConfigurationPlatforms) = preSolution
		Debug|Any CPU = Debug|Any CPU
		Release|Any CPU = Release|Any CPU
	EndGlobalSection
	GlobalSection(ProjectConfigurationPlatforms) = postSolution
		{C3344996-0499-4774-94E7-DD32B74FEEBB}.Debug|Any CPU.ActiveCfg = Debug|Any CPU
		{C3344996-0499-4774-94E7-DD32B74FEEBB}.Debug|Any CPU.Build.0 = Debug|Any CPU
		{C3344996-0499-4774-94E7-DD32B74FEEBB}.Release|Any CPU.ActiveCfg = Release|Any CPU
		{C3344996-0499-4774-94E7-DD32B74FEEBB}.Release|Any CPU.Build.0 = Release|Any CPU
		{3D7E320F-7BE2-4174-BB0C-3125D99392E5}.Debug|Any CPU.ActiveCfg = Debug|Any CPU
		{3D7E320F-7BE2-4174-BB0C-3125D99392E5}.Debug|Any CPU.Build.0 = Debug|Any CPU
		{3D7E320F-7BE2-4174-BB0C-3125D99392E5}.Release|Any CPU.ActiveCfg = Release|Any CPU
		{3D7E320F-7BE2-4174-BB0C-3125D99392E5}.Release|Any CPU.Build.0 = Release|Any CPU
		{AF2E5993-D2A9-4F5F-B687-172ED8D7A1A0}.Debug|Any CPU.ActiveCfg = Debug|Any CPU
		{AF2E5993-D2A9-4F5F-B687-172ED8D7A1A0}.Debug|Any CPU.Build.0 = Debug|Any CPU
		{AF2E5993-D2A9-4F5F-B687-172ED8D7A1A0}.Release|Any CPU.ActiveCfg = Release|Any CPU
		{AF2E5993-D2A9-4F5F-B687-172ED8D7A1A0}.Release|Any CPU.Build.0 = Release|Any CPU
		{443AB002-2B9B-4D72-885B-8DD3513EDA8C}.Debug|Any CPU.ActiveCfg = Debug|Any CPU
		{443AB002-2B9B-4D72-885B-8DD3513EDA8C}.Debug|Any CPU.Build.0 = Debug|Any CPU
		{443AB002-2B9B-4D72-885B-8DD3513EDA8C}.Release|Any CPU.ActiveCfg = Release|Any CPU
		{443AB002-2B9B-4D72-885B-8DD3513EDA8C}.Release|Any CPU.Build.0 = Release|Any CPU
	EndGlobalSection
	GlobalSection(SolutionProperties) = preSolution
		HideSolutionNode = FALSE
	EndGlobalSection
	GlobalSection(ExtensibilityGlobals) = postSolution
		SolutionGuid = {3B61C9CA-5FE9-4481-B73E-DECE6A4DD880}
	EndGlobalSection
EndGlobal
